
Microsoft Visual Studio Solution File, Format Version 12.00
# Visual Studio Version 17
VisualStudioVersion = 17.0.31903.59
MinimumVisualStudioVersion = 10.0.40219.1
Project("{2150E333-8FDC-42A3-9474-1A3956D46DE8}") = "MK.PIT", "MK.PIT", "{D2B53506-3A95-3265-965A-BE9B0A8C1AD9}"
EndProject
Project("{FAE04EC0-301F-11D3-BF4B-00C04F79EFBC}") = "SPC.BO.PIT", "MK.PIT\SPC.BO.PIT\SPC.BO.PIT.csproj", "{4CA0A313-3B2A-4483-A725-C05103846164}"
EndProject
Project("{FAE04EC0-301F-11D3-BF4B-00C04F79EFBC}") = "SPC.DAL.SQLite.PIT", "MK.PIT\SPC.DAL.SQLite.PIT\SPC.DAL.SQLite.PIT.csproj", "{9531E135-D31B-4659-B06A-09F5F9484AD6}"
EndProject
Project("{FAE04EC0-301F-11D3-BF4B-00C04F79EFBC}") = "SPC.Blazor.PIT", "MK.PIT\SPC.Blazor.PIT\SPC.Blazor.PIT.csproj", "{EF69E99E-95E0-4072-A074-B89FC5744733}"
EndProject
Project("{FAE04EC0-301F-11D3-BF4B-00C04F79EFBC}") = "SPC.Infrastructure.XmlSigning", "Infrastructure\SPC.Infrastructure.XmlSigning\SPC.Infrastructure.XmlSigning.csproj", "{9126CA02-3A48-46DC-900B-F01D8450BC4E}"
EndProject
Project("{FAE04EC0-301F-11D3-BF4B-00C04F79EFBC}") = "SPC.Infrastructure.TvanSubmission", "Infrastructure\SPC.Infrastructure.TvanSubmission\SPC.Infrastructure.TvanSubmission.csproj", "{FA4BA263-9E6A-434B-A371-CEE8FC61FA6D}"
EndProject
Project("{FAE04EC0-301F-11D3-BF4B-00C04F79EFBC}") = "Main", "Main\Main.csproj", "{04565439-61BD-49F4-8615-58F1F033A402}"
EndProject
Project("{FAE04EC0-301F-11D3-BF4B-00C04F79EFBC}") = "SPC.Tests.PIT", "Tests\SPC.Tests.PIT\SPC.Tests.PIT.csproj", "{019C5452-6CFC-4A5F-8D28-26EB0B2AB7D7}"
EndProject
Project("{2150E333-8FDC-42A3-9474-1A3956D46DE8}") = "Infrastructure", "Infrastructure", "{02EA681E-C7D8-13C7-8484-4AC65E1B71E8}"
EndProject
Project("{2150E333-8FDC-42A3-9474-1A3956D46DE8}") = "Solution Items", "Solution Items", "{8EC462FD-D22E-90A8-E5CE-7E832BA40C5D}"
	ProjectSection(SolutionItems) = preProject
		docs\Viettel.md = docs\Viettel.md
	EndProjectSection
EndProject
Global
	GlobalSection(SolutionConfigurationPlatforms) = preSolution
		Debug|Any CPU = Debug|Any CPU
		Debug|x64 = Debug|x64
		Debug|x86 = Debug|x86
		Release|Any CPU = Release|Any CPU
		Release|x64 = Release|x64
		Release|x86 = Release|x86
	EndGlobalSection
	GlobalSection(ProjectConfigurationPlatforms) = postSolution
		{4CA0A313-3B2A-4483-A725-C05103846164}.Debug|Any CPU.ActiveCfg = Debug|Any CPU
		{4CA0A313-3B2A-4483-A725-C05103846164}.Debug|Any CPU.Build.0 = Debug|Any CPU
		{4CA0A313-3B2A-4483-A725-C05103846164}.Debug|x64.ActiveCfg = Debug|Any CPU
		{4CA0A313-3B2A-4483-A725-C05103846164}.Debug|x64.Build.0 = Debug|Any CPU
		{4CA0A313-3B2A-4483-A725-C05103846164}.Debug|x86.ActiveCfg = Debug|Any CPU
		{4CA0A313-3B2A-4483-A725-C05103846164}.Debug|x86.Build.0 = Debug|Any CPU
		{4CA0A313-3B2A-4483-A725-C05103846164}.Release|Any CPU.ActiveCfg = Release|Any CPU
		{4CA0A313-3B2A-4483-A725-C05103846164}.Release|Any CPU.Build.0 = Release|Any CPU
		{4CA0A313-3B2A-4483-A725-C05103846164}.Release|x64.ActiveCfg = Release|Any CPU
		{4CA0A313-3B2A-4483-A725-C05103846164}.Release|x64.Build.0 = Release|Any CPU
		{4CA0A313-3B2A-4483-A725-C05103846164}.Release|x86.ActiveCfg = Release|Any CPU
		{4CA0A313-3B2A-4483-A725-C05103846164}.Release|x86.Build.0 = Release|Any CPU
		{9531E135-D31B-4659-B06A-09F5F9484AD6}.Debug|Any CPU.ActiveCfg = Debug|Any CPU
		{9531E135-D31B-4659-B06A-09F5F9484AD6}.Debug|Any CPU.Build.0 = Debug|Any CPU
		{9531E135-D31B-4659-B06A-09F5F9484AD6}.Debug|x64.ActiveCfg = Debug|Any CPU
		{9531E135-D31B-4659-B06A-09F5F9484AD6}.Debug|x64.Build.0 = Debug|Any CPU
		{9531E135-D31B-4659-B06A-09F5F9484AD6}.Debug|x86.ActiveCfg = Debug|Any CPU
		{9531E135-D31B-4659-B06A-09F5F9484AD6}.Debug|x86.Build.0 = Debug|Any CPU
		{9531E135-D31B-4659-B06A-09F5F9484AD6}.Release|Any CPU.ActiveCfg = Release|Any CPU
		{9531E135-D31B-4659-B06A-09F5F9484AD6}.Release|Any CPU.Build.0 = Release|Any CPU
		{9531E135-D31B-4659-B06A-09F5F9484AD6}.Release|x64.ActiveCfg = Release|Any CPU
		{9531E135-D31B-4659-B06A-09F5F9484AD6}.Release|x64.Build.0 = Release|Any CPU
		{9531E135-D31B-4659-B06A-09F5F9484AD6}.Release|x86.ActiveCfg = Release|Any CPU
		{9531E135-D31B-4659-B06A-09F5F9484AD6}.Release|x86.Build.0 = Release|Any CPU
		{EF69E99E-95E0-4072-A074-B89FC5744733}.Debug|Any CPU.ActiveCfg = Debug|Any CPU
		{EF69E99E-95E0-4072-A074-B89FC5744733}.Debug|Any CPU.Build.0 = Debug|Any CPU
		{EF69E99E-95E0-4072-A074-B89FC5744733}.Debug|x64.ActiveCfg = Debug|Any CPU
		{EF69E99E-95E0-4072-A074-B89FC5744733}.Debug|x64.Build.0 = Debug|Any CPU
		{EF69E99E-95E0-4072-A074-B89FC5744733}.Debug|x86.ActiveCfg = Debug|Any CPU
		{EF69E99E-95E0-4072-A074-B89FC5744733}.Debug|x86.Build.0 = Debug|Any CPU
		{EF69E99E-95E0-4072-A074-B89FC5744733}.Release|Any CPU.ActiveCfg = Release|Any CPU
		{EF69E99E-95E0-4072-A074-B89FC5744733}.Release|Any CPU.Build.0 = Release|Any CPU
		{EF69E99E-95E0-4072-A074-B89FC5744733}.Release|x64.ActiveCfg = Release|Any CPU
		{EF69E99E-95E0-4072-A074-B89FC5744733}.Release|x64.Build.0 = Release|Any CPU
		{EF69E99E-95E0-4072-A074-B89FC5744733}.Release|x86.ActiveCfg = Release|Any CPU
		{EF69E99E-95E0-4072-A074-B89FC5744733}.Release|x86.Build.0 = Release|Any CPU
		{9126CA02-3A48-46DC-900B-F01D8450BC4E}.Debug|Any CPU.ActiveCfg = Debug|Any CPU
		{9126CA02-3A48-46DC-900B-F01D8450BC4E}.Debug|Any CPU.Build.0 = Debug|Any CPU
		{9126CA02-3A48-46DC-900B-F01D8450BC4E}.Debug|x64.ActiveCfg = Debug|Any CPU
		{9126CA02-3A48-46DC-900B-F01D8450BC4E}.Debug|x64.Build.0 = Debug|Any CPU
		{9126CA02-3A48-46DC-900B-F01D8450BC4E}.Debug|x86.ActiveCfg = Debug|Any CPU
		{9126CA02-3A48-46DC-900B-F01D8450BC4E}.Debug|x86.Build.0 = Debug|Any CPU
		{9126CA02-3A48-46DC-900B-F01D8450BC4E}.Release|Any CPU.ActiveCfg = Release|Any CPU
		{9126CA02-3A48-46DC-900B-F01D8450BC4E}.Release|Any CPU.Build.0 = Release|Any CPU
		{9126CA02-3A48-46DC-900B-F01D8450BC4E}.Release|x64.ActiveCfg = Release|Any CPU
		{9126CA02-3A48-46DC-900B-F01D8450BC4E}.Release|x64.Build.0 = Release|Any CPU
		{9126CA02-3A48-46DC-900B-F01D8450BC4E}.Release|x86.ActiveCfg = Release|Any CPU
		{9126CA02-3A48-46DC-900B-F01D8450BC4E}.Release|x86.Build.0 = Release|Any CPU
		{FA4BA263-9E6A-434B-A371-CEE8FC61FA6D}.Debug|Any CPU.ActiveCfg = Debug|Any CPU
		{FA4BA263-9E6A-434B-A371-CEE8FC61FA6D}.Debug|Any CPU.Build.0 = Debug|Any CPU
		{FA4BA263-9E6A-434B-A371-CEE8FC61FA6D}.Debug|x64.ActiveCfg = Debug|Any CPU
		{FA4BA263-9E6A-434B-A371-CEE8FC61FA6D}.Debug|x64.Build.0 = Debug|Any CPU
		{FA4BA263-9E6A-434B-A371-CEE8FC61FA6D}.Debug|x86.ActiveCfg = Debug|Any CPU
		{FA4BA263-9E6A-434B-A371-CEE8FC61FA6D}.Debug|x86.Build.0 = Debug|Any CPU
		{FA4BA263-9E6A-434B-A371-CEE8FC61FA6D}.Release|Any CPU.ActiveCfg = Release|Any CPU
		{FA4BA263-9E6A-434B-A371-CEE8FC61FA6D}.Release|Any CPU.Build.0 = Release|Any CPU
		{FA4BA263-9E6A-434B-A371-CEE8FC61FA6D}.Release|x64.ActiveCfg = Release|Any CPU
		{FA4BA263-9E6A-434B-A371-CEE8FC61FA6D}.Release|x64.Build.0 = Release|Any CPU
		{FA4BA263-9E6A-434B-A371-CEE8FC61FA6D}.Release|x86.ActiveCfg = Release|Any CPU
		{FA4BA263-9E6A-434B-A371-CEE8FC61FA6D}.Release|x86.Build.0 = Release|Any CPU
		{04565439-61BD-49F4-8615-58F1F033A402}.Debug|Any CPU.ActiveCfg = Debug|Any CPU
		{04565439-61BD-49F4-8615-58F1F033A402}.Debug|Any CPU.Build.0 = Debug|Any CPU
		{04565439-61BD-49F4-8615-58F1F033A402}.Debug|x64.ActiveCfg = Debug|Any CPU
		{04565439-61BD-49F4-8615-58F1F033A402}.Debug|x64.Build.0 = Debug|Any CPU
		{04565439-61BD-49F4-8615-58F1F033A402}.Debug|x86.ActiveCfg = Debug|Any CPU
		{04565439-61BD-49F4-8615-58F1F033A402}.Debug|x86.Build.0 = Debug|Any CPU
		{04565439-61BD-49F4-8615-58F1F033A402}.Release|Any CPU.ActiveCfg = Release|Any CPU
		{04565439-61BD-49F4-8615-58F1F033A402}.Release|Any CPU.Build.0 = Release|Any CPU
		{04565439-61BD-49F4-8615-58F1F033A402}.Release|x64.ActiveCfg = Release|Any CPU
		{04565439-61BD-49F4-8615-58F1F033A402}.Release|x64.Build.0 = Release|Any CPU
		{04565439-61BD-49F4-8615-58F1F033A402}.Release|x86.ActiveCfg = Release|Any CPU
		{04565439-61BD-49F4-8615-58F1F033A402}.Release|x86.Build.0 = Release|Any CPU
		{019C5452-6CFC-4A5F-8D28-26EB0B2AB7D7}.Debug|Any CPU.ActiveCfg = Debug|Any CPU
		{019C5452-6CFC-4A5F-8D28-26EB0B2AB7D7}.Debug|Any CPU.Build.0 = Debug|Any CPU
		{019C5452-6CFC-4A5F-8D28-26EB0B2AB7D7}.Debug|x64.ActiveCfg = Debug|Any CPU
		{019C5452-6CFC-4A5F-8D28-26EB0B2AB7D7}.Debug|x64.Build.0 = Debug|Any CPU
		{019C5452-6CFC-4A5F-8D28-26EB0B2AB7D7}.Debug|x86.ActiveCfg = Debug|Any CPU
		{019C5452-6CFC-4A5F-8D28-26EB0B2AB7D7}.Debug|x86.Build.0 = Debug|Any CPU
		{019C5452-6CFC-4A5F-8D28-26EB0B2AB7D7}.Release|Any CPU.ActiveCfg = Release|Any CPU
		{019C5452-6CFC-4A5F-8D28-26EB0B2AB7D7}.Release|Any CPU.Build.0 = Release|Any CPU
		{019C5452-6CFC-4A5F-8D28-26EB0B2AB7D7}.Release|x64.ActiveCfg = Release|Any CPU
		{019C5452-6CFC-4A5F-8D28-26EB0B2AB7D7}.Release|x64.Build.0 = Release|Any CPU
		{019C5452-6CFC-4A5F-8D28-26EB0B2AB7D7}.Release|x86.ActiveCfg = Release|Any CPU
		{019C5452-6CFC-4A5F-8D28-26EB0B2AB7D7}.Release|x86.Build.0 = Release|Any CPU
	EndGlobalSection
	GlobalSection(SolutionProperties) = preSolution
		HideSolutionNode = FALSE
	EndGlobalSection
	GlobalSection(NestedProjects) = preSolution
		{4CA0A313-3B2A-4483-A725-C05103846164} = {D2B53506-3A95-3265-965A-BE9B0A8C1AD9}
		{9531E135-D31B-4659-B06A-09F5F9484AD6} = {D2B53506-3A95-3265-965A-BE9B0A8C1AD9}
		{EF69E99E-95E0-4072-A074-B89FC5744733} = {D2B53506-3A95-3265-965A-BE9B0A8C1AD9}
		{9126CA02-3A48-46DC-900B-F01D8450BC4E} = {02EA681E-C7D8-13C7-8484-4AC65E1B71E8}
		{FA4BA263-9E6A-434B-A371-CEE8FC61FA6D} = {02EA681E-C7D8-13C7-8484-4AC65E1B71E8}
		{019C5452-6CFC-4A5F-8D28-26EB0B2AB7D7} = {D2B53506-3A95-3265-965A-BE9B0A8C1AD9}
	EndGlobalSection
	GlobalSection(ExtensibilityGlobals) = postSolution
		SolutionGuid = {F7A0A4B7-1717-4900-8BE7-9B8468C2EB0A}
	EndGlobalSection
EndGlobal
